# This file is generated by running "yarn install" inside your project.
# Manual changes might be lost - proceed with caution!

__metadata:
  version: 8
  cacheKey: 10c0

"@fastify/ajv-compiler@npm:^3.5.0":
  version: 3.6.0
  resolution: "@fastify/ajv-compiler@npm:3.6.0"
  dependencies:
    ajv: "npm:^8.11.0"
    ajv-formats: "npm:^2.1.1"
    fast-uri: "npm:^2.0.0"
  checksum: 10c0/f0be2ca1f75833492829c52c5f5ef0ec118bdd010614e002a6366952c27297c0f6a7dafb5917a0f9c4aaa84aa32a39e520c6d837fa251748717d58590cfc8177
  languageName: node
  linkType: hard

"@fastify/ajv-compiler@npm:^4.0.5":
  version: 4.0.6
  resolution: "@fastify/ajv-compiler@npm:4.0.6"
  dependencies:
    ajv: "npm:^8.12.0"
    ajv-formats: "npm:^3.0.1"
    fast-uri: "npm:^4.0.0"
  checksum: 10c0/dfaa02348b07b2d245c2092ab96d606befe729710692852087287275eb2c67fa24eeb5561447cd16a91ec30c7ccbcb0df6c89bed63c09718c92cdfc7a322ce4b
  languageName: node
  linkType: hard

"@fastify/error@npm:^3.3.0, @fastify/error@npm:^3.4.0":
  version: 3.4.1
  resolution: "@fastify/error@npm:3.4.1"
  checksum: 10c0/1f1a0faa8c86639afb6f4bd47a9cdc1f0f20ce0d6944340fbdec8218aaba91dc9cae9ed78e24e61bceb782a867efda2b9a6320091f00dcbb896d9c8a9bdf5f96
  languageName: node
  linkType: hard

"@fastify/error@npm:^4.0.0":
  version: 4.2.0
  resolution: "@fastify/error@npm:4.2.0"
  checksum: 10c0/8bdafe95b368a71dfc5644ef22e0a2412dfbb2f300cf4658fdbd9035c96d7c034c53fd7d38e1150437d9cf7a2d75e6bd05e458cf9ba5f2e47e527df8a5e0bd4e
  languageName: node
  linkType: hard

"@fastify/fast-json-stringify-compiler@npm:^4.3.0":
  version: 4.3.0
  resolution: "@fastify/fast-json-stringify-compiler@npm:4.3.0"
  dependencies:
    fast-json-stringify: "npm:^5.7.0"
  checksum: 10c0/513ef296f5ed682f7a460cfa6c5fb917a32fc540111b873c9937f944558e021492b18f30f9fd8dd20db252381a4428adbcc9f03a077f16c86d02f081eb490c7b
  languageName: node
  linkType: hard

"@fastify/fast-json-stringify-compiler@npm:^5.0.0":
  version: 5.1.0
  resolution: "@fastify/fast-json-stringify-compiler@npm:5.1.0"
  dependencies:
    fast-json-stringify: "npm:^7.0.0"
  checksum: 10c0/f322d262071cd6b449adcc7f3d637506f8fa274e42a98d6588efe5ea81bdf3f745f93d5e3c4101fe362608135b0ce40d9c12be3299d9f53e752c7b7fa704cbad
  languageName: node
  linkType: hard

"@fastify/forwarded@npm:^3.0.0":
  version: 3.0.2
  resolution: "@fastify/forwarded@npm:3.0.2"
  checksum: 10c0/7db2af5d1cc0ca2a8897be581ae790192ab6dd0abdbc93e64ea7800b4da6a01e7ffa8805d491ea1424ae1d6943eb5a5ac2b7409556bbb4bf630e7a434804192c
  languageName: node
  linkType: hard

"@fastify/merge-json-schemas@npm:^0.1.0":
  version: 0.1.1
  resolution: "@fastify/merge-json-schemas@npm:0.1.1"
  dependencies:
    fast-deep-equal: "npm:^3.1.3"
  checksum: 10c0/7979ce12724f7b98aea06f0bb9afb20dd869f0ff6fc697517135cbb54e0a36b062cbb38ec176fe43d1fc455576839240df8f33533939ace2d64a6218a6e6b9c1
  languageName: node
  linkType: hard

"@fastify/merge-json-schemas@npm:^0.2.0":
  version: 0.2.1
  resolution: "@fastify/merge-json-schemas@npm:0.2.1"
  dependencies:
    dequal: "npm:^2.0.3"
  checksum: 10c0/dfa884a8f62d53f71de273fdcd0e501b213367767a7d8c522ae87ba6fb571b3eea85175d6e019036d7c0c5419be60305abe54899b9459f76ed5333358699efcb
  languageName: node
  linkType: hard

"@fastify/proxy-addr@npm:^5.0.0":
  version: 5.1.0
  resolution: "@fastify/proxy-addr@npm:5.1.0"
  dependencies:
    "@fastify/forwarded": "npm:^3.0.0"
    ipaddr.js: "npm:^2.1.0"
  checksum: 10c0/d9167e848086cb66a0ae8b008eb6a79e9ae0e17c3e8697a3a22b23152376e22843bea6642a2c07eba5460faa786ebda6157dfa6537ac7b733f758428cd51988b
  languageName: node
  linkType: hard

"@neondatabase/serverless@npm:^0.5.2":
  version: 0.5.7
  resolution: "@neondatabase/serverless@npm:0.5.7"
  dependencies:
    "@types/pg": "npm:8.6.6"
  checksum: 10c0/582d42127939185881e84058c2340c4ed05e275cbcb59a0deb24ac0fef7a87303e9ed1b25d1e4123b9fba813a7aa02e360a3f9798c06b4f16096bfdc0809dd68
  languageName: node
  linkType: hard

"@pinojs/redact@npm:^0.4.0":
  version: 0.4.0
  resolution: "@pinojs/redact@npm:0.4.0"
  checksum: 10c0/4b311ba17ee0cf154ff9c39eb063ec04cd0d0017cb3750efcdf06c2d485df3e1095e13e872175993568c5568c23e4508dd877c981bbc9c5ae5e384d569efcdff
  languageName: node
  linkType: hard

"@types/node@npm:*":
  version: 26.2.0
  resolution: "@types/node@npm:26.2.0"
  dependencies:
    undici-types: "npm:~8.3.0"
  checksum: 10c0/f8566d88162241eb55a46f7e4ea097188eab0aaafefea7a58e63adab8c4144eb98c08b7911452c846104c339a0f82282f5e1ed4b26b578d60709614fe2843f4d
  languageName: node
  linkType: hard

"@types/pg@npm:8.6.6":
  version: 8.6.6
  resolution: "@types/pg@npm:8.6.6"
  dependencies:
    "@types/node": "npm:*"
    pg-protocol: "npm:*"
    pg-types: "npm:^2.2.0"
  checksum: 10c0/cb73b78db41b5b4ef6f52bc268f1284be74e5c98c74a7305423eec9cf80d383a489b85bb9371ad176ae9d5adbd2758dff0dcbccfdf2f38f86c13d976948333aa
  languageName: node
  linkType: hard

"abstract-logging@npm:^2.0.1":
  version: 2.0.1
  resolution: "abstract-logging@npm:2.0.1"
  checksum: 10c0/304879d9babcf6772260e5ddde632e6428e1f42f7a7a116d4689e97ad813a20e0ec2dd1e0a122f3617557f40091b9ca85735de4b48c17a2041268cb47b3f8ef1
  languageName: node
  linkType: hard

"ajv-formats@npm:^2.1.1":
  version: 2.1.1
  resolution: "ajv-formats@npm:2.1.1"
  dependencies:
    ajv: "npm:^8.0.0"
  peerDependencies:
    ajv: ^8.0.0
  peerDependenciesMeta:
    ajv:
      optional: true
  checksum: 10c0/e43ba22e91b6a48d96224b83d260d3a3a561b42d391f8d3c6d2c1559f9aa5b253bfb306bc94bbeca1d967c014e15a6efe9a207309e95b3eaae07fcbcdc2af662
  languageName: node
  linkType: hard

"ajv-formats@npm:^3.0.1":
  version: 3.0.1
  resolution: "ajv-formats@npm:3.0.1"
  dependencies:
    ajv: "npm:^8.0.0"
  peerDependencies:
    ajv: ^8.0.0
  peerDependenciesMeta:
    ajv:
      optional: true
  checksum: 10c0/168d6bca1ea9f163b41c8147bae537e67bd963357a5488a1eaf3abe8baa8eec806d4e45f15b10767e6020679315c7e1e5e6803088dfb84efa2b4e9353b83dd0a
  languageName: node
  linkType: hard

"ajv@npm:^8.0.0, ajv@npm:^8.10.0, ajv@npm:^8.11.0, ajv@npm:^8.12.0":
  version: 8.20.0
  resolution: "ajv@npm:8.20.0"
  dependencies:
    fast-deep-equal: "npm:^3.1.3"
    fast-uri: "npm:^3.0.1"
    json-schema-traverse: "npm:^1.0.0"
    require-from-string: "npm:^2.0.2"
  checksum: 10c0/5df9a1c8f83863cde1bd3a9ddb426f599718f88e3dc9153616c79fb28e0be455335830d7f21d745576519f057b371352daa31047b6a33d7036fe08777d60cf2a
  languageName: node
  linkType: hard

"api@workspace:apps/api":
  version: 0.0.0-use.local
  resolution: "api@workspace:apps/api"
  dependencies:
    dotenv: "npm:^17.4.2"
    drizzle-orm: "npm:^0.45.2"
    fastify: "npm:^5.12.1"
    fastify-drizzle: "npm:^1.0.5"
    postgres: "npm:^3.4.9"
  languageName: unknown
  linkType: soft

"atomic-sleep@npm:^1.0.0":
  version: 1.0.0
  resolution: "atomic-sleep@npm:1.0.0"
  checksum: 10c0/e329a6665512736a9bbb073e1761b4ec102f7926cce35037753146a9db9c8104f5044c1662e4a863576ce544fb8be27cd2be6bc8c1a40147d03f31eb1cfb6e8a
  languageName: node
  linkType: hard

"avvio@npm:^8.3.0":
  version: 8.4.0
  resolution: "avvio@npm:8.4.0"
  dependencies:
    "@fastify/error": "npm:^3.3.0"
    fastq: "npm:^1.17.1"
  checksum: 10c0/bea7f28e38b57755786852226f380ea087d572f8bbcfe14b59d1239551ef89cecc40229a6ac85e17af44c81a481d03280576586385e93d76bb9f2c5bc75c6067
  languageName: node
  linkType: hard

"avvio@npm:^9.0.0":
  version: 9.3.0
  resolution: "avvio@npm:9.3.0"
  dependencies:
    "@fastify/error": "npm:^4.0.0"
    fastq: "npm:^1.17.1"
  checksum: 10c0/faa7bfc0bae70d7c30d56252fbe4671ebbf1e0b8c1bdb3d1febcad6549d3521d7bd0e535f903310d5a6af357447fc9cf6407229c7d46b2f2502d40dca341f625
  languageName: node
  linkType: hard

"carecahub@workspace:.":
  version: 0.0.0-use.local
  resolution: "carecahub@workspace:."
  languageName: unknown
  linkType: soft

"cookie@npm:^0.7.0":
  version: 0.7.2
  resolution: "cookie@npm:0.7.2"
  checksum: 10c0/9596e8ccdbf1a3a88ae02cf5ee80c1c50959423e1022e4e60b91dd87c622af1da309253d8abdb258fb5e3eacb4f08e579dc58b4897b8087574eee0fd35dfa5d2
  languageName: node
  linkType: hard

"cookie@npm:^1.0.1":
  version: 1.1.1
  resolution: "cookie@npm:1.1.1"
  checksum: 10c0/79c4ddc0fcad9c4f045f826f42edf54bcc921a29586a4558b0898277fa89fb47be95bc384c2253f493af7b29500c830da28341274527328f18eba9f58afa112c
  languageName: node
  linkType: hard

"dequal@npm:^2.0.3":
  version: 2.0.3
  resolution: "dequal@npm:2.0.3"
  checksum: 10c0/f98860cdf58b64991ae10205137c0e97d384c3a4edc7f807603887b7c4b850af1224a33d88012009f150861cbee4fa2d322c4cc04b9313bee312e47f6ecaa888
  languageName: node
  linkType: hard

"dotenv@npm:^17.4.2":
  version: 17.4.2
  resolution: "dotenv@npm:17.4.2"
  checksum: 10c0/164f8e77a646c8446867d5b588d26ea6005c8ea7c5eb41cf926f6113d23f2191355f6e0cfd95ea9bab98394a5b0a3f1e51a8399711b666fe55cc7b0bd745f942
  languageName: node
  linkType: hard

"drizzle-orm@npm:^0.27.0":
  version: 0.27.2
  resolution: "drizzle-orm@npm:0.27.2"
  peerDependencies:
    "@aws-sdk/client-rds-data": ">=3"
    "@cloudflare/workers-types": ">=3"
    "@libsql/client": "*"
    "@neondatabase/serverless": ">=0.1"
    "@opentelemetry/api": ^1.4.1
    "@planetscale/database": ">=1"
    "@types/better-sqlite3": "*"
    "@types/pg": "*"
    "@types/sql.js": "*"
    "@vercel/postgres": "*"
    better-sqlite3: ">=7"
    bun-types: "*"
    knex: "*"
    kysely: "*"
    mysql2: ">=2"
    pg: ">=8"
    postgres: ">=3"
    sql.js: ">=1"
    sqlite3: ">=5"
  peerDependenciesMeta:
    "@aws-sdk/client-rds-data":
      optional: true
    "@cloudflare/workers-types":
      optional: true
    "@libsql/client":
      optional: true
    "@neondatabase/serverless":
      optional: true
    "@opentelemetry/api":
      optional: true
    "@planetscale/database":
      optional: true
    "@types/better-sqlite3":
      optional: true
    "@types/pg":
      optional: true
    "@types/sql.js":
      optional: true
    "@vercel/postgres":
      optional: true
    better-sqlite3:
      optional: true
    bun-types:
      optional: true
    knex:
      optional: true
    kysely:
      optional: true
    mysql2:
      optional: true
    pg:
      optional: true
    postgres:
      optional: true
    sql.js:
      optional: true
    sqlite3:
      optional: true
  checksum: 10c0/769a993baf01064ed7e90b8cc7ef12aa37c8a0e07bf947129fad26324bc340e4b40e9d90f9e73415bf3b43b44dab2e07a7d9de4a59ebb49712e3a0dd12f0541c
  languageName: node
  linkType: hard

"drizzle-orm@npm:^0.45.2":
  version: 0.45.2
  resolution: "drizzle-orm@npm:0.45.2"
  peerDependencies:
    "@aws-sdk/client-rds-data": ">=3"
    "@cloudflare/workers-types": ">=4"
    "@electric-sql/pglite": ">=0.2.0"
    "@libsql/client": ">=0.10.0"
    "@libsql/client-wasm": ">=0.10.0"
    "@neondatabase/serverless": ">=0.10.0"
    "@op-engineering/op-sqlite": ">=2"
    "@opentelemetry/api": ^1.4.1
    "@planetscale/database": ">=1.13"
    "@prisma/client": "*"
    "@tidbcloud/serverless": "*"
    "@types/better-sqlite3": "*"
    "@types/pg": "*"
    "@types/sql.js": "*"
    "@upstash/redis": ">=1.34.7"
    "@vercel/postgres": ">=0.8.0"
    "@xata.io/client": "*"
    better-sqlite3: ">=7"
    bun-types: "*"
    expo-sqlite: ">=14.0.0"
    gel: ">=2"
    knex: "*"
    kysely: "*"
    mysql2: ">=2"
    pg: ">=8"
    postgres: ">=3"
    sql.js: ">=1"
    sqlite3: ">=5"
  peerDependenciesMeta:
    "@aws-sdk/client-rds-data":
      optional: true
    "@cloudflare/workers-types":
      optional: true
    "@electric-sql/pglite":
      optional: true
    "@libsql/client":
      optional: true
    "@libsql/client-wasm":
      optional: true
    "@neondatabase/serverless":
      optional: true
    "@op-engineering/op-sqlite":
      optional: true
    "@opentelemetry/api":
      optional: true
    "@planetscale/database":
      optional: true
    "@prisma/client":
      optional: true
    "@tidbcloud/serverless":
      optional: true
    "@types/better-sqlite3":
      optional: true
    "@types/pg":
      optional: true
    "@types/sql.js":
      optional: true
    "@upstash/redis":
      optional: true
    "@vercel/postgres":
      optional: true
    "@xata.io/client":
      optional: true
    better-sqlite3:
      optional: true
    bun-types:
      optional: true
    expo-sqlite:
      optional: true
    gel:
      optional: true
    knex:
      optional: true
    kysely:
      optional: true
    mysql2:
      optional: true
    pg:
      optional: true
    postgres:
      optional: true
    prisma:
      optional: true
    sql.js:
      optional: true
    sqlite3:
      optional: true
  checksum: 10c0/deb4a0230a79b1ff8c61365808bdb06a78e9e32171625f1c61d791dec445fad5cd9bc4ce2e6175b0ff1be7fb913310b2fd07b94a2cbe8027581b7d99469b8060
  languageName: node
  linkType: hard

"fast-content-type-parse@npm:^1.1.0":
  version: 1.1.0
  resolution: "fast-content-type-parse@npm:1.1.0"
  checksum: 10c0/882bf990fa5d64be1825ce183818db43900ece0d7ef184cb9409bae8ed1001acbe536a657b1496382cb3e308e71ab39cc399bbdae70cba1745eecaeca4e55384
  languageName: node
  linkType: hard

"fast-decode-uri-component@npm:^1.0.1":
  version: 1.0.1
  resolution: "fast-decode-uri-component@npm:1.0.1"
  checksum: 10c0/039d50c2e99d64f999c3f2126c23fbf75a04a4117e218a149ca0b1d2aeb8c834b7b19d643b9d35d4eabce357189a6a94085f78cf48869e6e26cc59b036284bc3
  languageName: node
  linkType: hard

"fast-deep-equal@npm:^3.1.3":
  version: 3.1.3
  resolution: "fast-deep-equal@npm:3.1.3"
  checksum: 10c0/40dedc862eb8992c54579c66d914635afbec43350afbbe991235fdcb4e3a8d5af1b23ae7e79bef7d4882d0ecee06c3197488026998fb19f72dc95acff1d1b1d0
  languageName: node
  linkType: hard

"fast-json-stringify@npm:^5.7.0, fast-json-stringify@npm:^5.8.0":
  version: 5.16.1
  resolution: "fast-json-stringify@npm:5.16.1"
  dependencies:
    "@fastify/merge-json-schemas": "npm:^0.1.0"
    ajv: "npm:^8.10.0"
    ajv-formats: "npm:^3.0.1"
    fast-deep-equal: "npm:^3.1.3"
    fast-uri: "npm:^2.1.0"
    json-schema-ref-resolver: "npm:^1.0.1"
    rfdc: "npm:^1.2.0"
  checksum: 10c0/bbf955d9912fb827dff0e097fdbff3c11aec540ea8019a19593a16224cac70d49d0cebd98e412843fc72259184f73a78a45e63040d3c44349f4735a492f2f1a4
  languageName: node
  linkType: hard

"fast-json-stringify@npm:^7.0.0":
  version: 7.0.1
  resolution: "fast-json-stringify@npm:7.0.1"
  dependencies:
    "@fastify/merge-json-schemas": "npm:^0.2.0"
    ajv: "npm:^8.12.0"
    ajv-formats: "npm:^3.0.1"
    fast-uri: "npm:^4.0.0"
    json-schema-ref-resolver: "npm:^3.0.0"
    rfdc: "npm:^1.2.0"
  checksum: 10c0/02da1a456a13bd36aecf50255f04514719d77c295a9fbfac53f7d17f6d8e0bc574b2457a899384fc243637e73b047f8f375d9b2fb3c2c265c6e53dad464b40e0
  languageName: node
  linkType: hard

"fast-querystring@npm:^1.0.0":
  version: 1.1.2
  resolution: "fast-querystring@npm:1.1.2"
  dependencies:
    fast-decode-uri-component: "npm:^1.0.1"
  checksum: 10c0/e8223273a9b199722f760f5a047a77ad049a14bd444b821502cb8218f5925e3a5fffb56b64389bca73ab2ac6f1aa7aebbe4e203e5f6e53ff5978de97c0fde4e3
  languageName: node
  linkType: hard

"fast-uri@npm:^2.0.0, fast-uri@npm:^2.1.0":
  version: 2.4.4
  resolution: "fast-uri@npm:2.4.4"
  checksum: 10c0/999344391f328fdbc40f4495e43a1099055d026fc501c30a912844104479afc44202cee4aa37df056c965d925f8ee110935160434ccb24857e0ec7a01613f213
  languageName: node
  linkType: hard

"fast-uri@npm:^3.0.1":
  version: 3.1.5
  resolution: "fast-uri@npm:3.1.5"
  checksum: 10c0/2bf60eb800dd610c65e17be436425dcb21c92aff3a87d442a8bccab0b7b071e88cf1a5d7d1ea946370b937e6fc0375c405c0296c10587e57de4f78be4646d1d0
  languageName: node
  linkType: hard

"fast-uri@npm:^4.0.0":
  version: 4.1.2
  resolution: "fast-uri@npm:4.1.2"
  checksum: 10c0/539fda19fbc7ada89ac8c5beca3c7ab57d643789485ca25f2b88f94edaea3fc90d553ecd55d85b95d5c819ab2bf57f6ff7880aa0a92d0883e25bd35f30860e6a
  languageName: node
  linkType: hard

"fastify-drizzle@npm:^1.0.5":
  version: 1.0.5
  resolution: "fastify-drizzle@npm:1.0.5"
  dependencies:
    "@neondatabase/serverless": "npm:^0.5.2"
    drizzle-orm: "npm:^0.27.0"
    fastify: "npm:^4.18.0"
    fastify-plugin: "npm:^4.5.0"
    pg: "npm:^8.11.0"
    postgres: "npm:^3.3.5"
  checksum: 10c0/9f3e3a96c1c1ed65f30ea27d74f490b20cad27e0f28af7833a25a529d5e0cf5e86981cce64cd87b417d6b74bff0f390f1f9f7620f867ca9a42c192f2c77c480d
  languageName: node
  linkType: hard

"fastify-plugin@npm:^4.5.0":
  version: 4.5.1
  resolution: "fastify-plugin@npm:4.5.1"
  checksum: 10c0/f58f79cd9d3c88fd7f79a3270276c6339fc57bbe72ef14d20b73779193c404e317ac18e8eae2c5071b3909ebee45d7eb6871da4e65464ac64ed0d9746b4e9b9f
  languageName: node
  linkType: hard

"fastify@npm:^4.18.0":
  version: 4.29.1
  resolution: "fastify@npm:4.29.1"
  dependencies:
    "@fastify/ajv-compiler": "npm:^3.5.0"
    "@fastify/error": "npm:^3.4.0"
    "@fastify/fast-json-stringify-compiler": "npm:^4.3.0"
    abstract-logging: "npm:^2.0.1"
    avvio: "npm:^8.3.0"
    fast-content-type-parse: "npm:^1.1.0"
    fast-json-stringify: "npm:^5.8.0"
    find-my-way: "npm:^8.0.0"
    light-my-request: "npm:^5.11.0"
    pino: "npm:^9.0.0"
    process-warning: "npm:^3.0.0"
    proxy-addr: "npm:^2.0.7"
    rfdc: "npm:^1.3.0"
    secure-json-parse: "npm:^2.7.0"
    semver: "npm:^7.5.4"
    toad-cache: "npm:^3.3.0"
  checksum: 10c0/65bbc290313f69284f2b477c6a22d9b57c373c097dceb971e660dbace4cda5b17cd8c6ab2d6a4440fd6e0418e6826ea00f5d587652454241008f92c838b3e292
  languageName: node
  linkType: hard

"fastify@npm:^5.12.1":
  version: 5.12.1
  resolution: "fastify@npm:5.12.1"
  dependencies:
    "@fastify/ajv-compiler": "npm:^4.0.5"
    "@fastify/error": "npm:^4.0.0"
    "@fastify/fast-json-stringify-compiler": "npm:^5.0.0"
    "@fastify/proxy-addr": "npm:^5.0.0"
    abstract-logging: "npm:^2.0.1"
    avvio: "npm:^9.0.0"
    fast-json-stringify: "npm:^7.0.0"
    find-my-way: "npm:^9.6.0"
    light-my-request: "npm:^6.0.0"
    pino: "npm:^9.14.0 || ^10.1.0"
    process-warning: "npm:^5.1.0"
    rfdc: "npm:^1.3.1"
    secure-json-parse: "npm:^4.0.0"
    semver: "npm:^7.6.0"
    toad-cache: "npm:^3.7.0"
  checksum: 10c0/07e2219db3d7d522519fe16bfefa1768d3bbcb80a161762131db7315812af3f7a4cd131358985a9aeb84ab24c069a362ec3ef592a3a29eb4fa3446e77bbf6678
  languageName: node
  linkType: hard

"fastq@npm:^1.17.1":
  version: 1.20.1
  resolution: "fastq@npm:1.20.1"
  dependencies:
    reusify: "npm:^1.0.4"
  checksum: 10c0/e5dd725884decb1f11e5c822221d76136f239d0236f176fab80b7b8f9e7619ae57e6b4e5b73defc21e6b9ef99437ee7b545cff8e6c2c337819633712fa9d352e
  languageName: node
  linkType: hard

"find-my-way@npm:^8.0.0":
  version: 8.2.2
  resolution: "find-my-way@npm:8.2.2"
  dependencies:
    fast-deep-equal: "npm:^3.1.3"
    fast-querystring: "npm:^1.0.0"
    safe-regex2: "npm:^3.1.0"
  checksum: 10c0/ce462b2033e08a82fa79b837e4ef9e637d5f3e6763564631ad835b4e50b22e2123c0bf27c4fe6b02bc4006cd7949c0351d2b6b6f32248e839b10bdcbd3a3269f
  languageName: node
  linkType: hard

"find-my-way@npm:^9.6.0":
  version: 9.8.0
  resolution: "find-my-way@npm:9.8.0"
  dependencies:
    fast-deep-equal: "npm:^3.1.3"
    fast-querystring: "npm:^1.0.0"
    safe-regex2: "npm:^5.0.0"
  checksum: 10c0/c20bd5a92a2315265b5e2daab3b099c0c75a54a2d37536ddd7f4ae10b4c549dbc36534d3d50938b784a7183e76c281b0e23c82879dc3ec479e1c5fc412119e71
  languageName: node
  linkType: hard

"forwarded@npm:0.2.0":
  version: 0.2.0
  resolution: "forwarded@npm:0.2.0"
  checksum: 10c0/9b67c3fac86acdbc9ae47ba1ddd5f2f81526fa4c8226863ede5600a3f7c7416ef451f6f1e240a3cc32d0fd79fcfe6beb08fd0da454f360032bde70bf80afbb33
  languageName: node
  linkType: hard

"ipaddr.js@npm:1.9.1":
  version: 1.9.1
  resolution: "ipaddr.js@npm:1.9.1"
  checksum: 10c0/0486e775047971d3fdb5fb4f063829bac45af299ae0b82dcf3afa2145338e08290563a2a70f34b732d795ecc8311902e541a8530eeb30d75860a78ff4e94ce2a
  languageName: node
  linkType: hard

"ipaddr.js@npm:^2.1.0":
  version: 2.5.0
  resolution: "ipaddr.js@npm:2.5.0"
  checksum: 10c0/5cef50d91a14f6388c3b5df3568ee7f8b18e07fa18896debc84d3393b78c1096e1b8e3a4f9fa9020c5ca5b556efc28550432f92a34d23c0cd643bd3194eb439d
  languageName: node
  linkType: hard

"json-schema-ref-resolver@npm:^1.0.1":
  version: 1.0.1
  resolution: "json-schema-ref-resolver@npm:1.0.1"
  dependencies:
    fast-deep-equal: "npm:^3.1.3"
  checksum: 10c0/aa89d88108c0109ae35b913c89c132fb50c00f3b99fc8a8309b524b9e3a6a77414f19a6a35a1253871462984cbabc74279ebbd9bf103c6629fb7b37c9fb59bcf
  languageName: node
  linkType: hard

"json-schema-ref-resolver@npm:^3.0.0":
  version: 3.0.0
  resolution: "json-schema-ref-resolver@npm:3.0.0"
  dependencies:
    dequal: "npm:^2.0.3"
  checksum: 10c0/0b6f4b66951ac0f6864949c08317cf0b7f7ae94e8da0b94e40df3561dc1a0b77a69b669d60aa1511b06aa18469203886eb2e89fd6bb3dcf0be46c329d69b0115
  languageName: node
  linkType: hard

"json-schema-traverse@npm:^1.0.0":
  version: 1.0.0
  resolution: "json-schema-traverse@npm:1.0.0"
  checksum: 10c0/71e30015d7f3d6dc1c316d6298047c8ef98a06d31ad064919976583eb61e1018a60a0067338f0f79cabc00d84af3fcc489bd48ce8a46ea165d9541ba17fb30c6
  languageName: node
  linkType: hard

"light-my-request@npm:^5.11.0":
  version: 5.14.0
  resolution: "light-my-request@npm:5.14.0"
  dependencies:
    cookie: "npm:^0.7.0"
    process-warning: "npm:^3.0.0"
    set-cookie-parser: "npm:^2.4.1"
  checksum: 10c0/5ec3af15010156d2821469d17910e0a3071c3269a8d5ffc3180fd761ffc91649ec1f9b2aaf7b5b6d44825e1038e6c07fdba247b93370186f3af9dbb94e11c0b5
  languageName: node
  linkType: hard

"light-my-request@npm:^6.0.0":
  version: 6.6.0
  resolution: "light-my-request@npm:6.6.0"
  dependencies:
    cookie: "npm:^1.0.1"
    process-warning: "npm:^4.0.0"
    set-cookie-parser: "npm:^2.6.0"
  checksum: 10c0/1440853cd3822ab83fbb1be4456099082dec8e9e3a4ea35c9d8d7d17a7ab98c83ad0a4c39a73a8c2b31b9ca70c57506e5b7a929495c149463ca0daca0d90dc6f
  languageName: node
  linkType: hard

"on-exit-leak-free@npm:^2.1.0":
  version: 2.1.2
  resolution: "on-exit-leak-free@npm:2.1.2"
  checksum: 10c0/faea2e1c9d696ecee919026c32be8d6a633a7ac1240b3b87e944a380e8a11dc9c95c4a1f8fb0568de7ab8db3823e790f12bda45296b1d111e341aad3922a0570
  languageName: node
  linkType: hard

"pg-cloudflare@npm:^1.4.0":
  version: 1.4.0
  resolution: "pg-cloudflare@npm:1.4.0"
  checksum: 10c0/553764d00055052648393cda53c1feb065991d6f9fbfdeb56cf8396c5b33377ab2897aaf5dc9cd3933d09023a1f01e8b1ca755431dcf5fd71c92ea277e2888f1
  languageName: node
  linkType: hard

"pg-connection-string@npm:^2.14.0":
  version: 2.14.0
  resolution: "pg-connection-string@npm:2.14.0"
  checksum: 10c0/c26d85970f782de72b90aa45b4acfa34df90242fc08bc676e8827297164044dbfb40a2cf20b0646bd02662a6b14c5ed27f322db627e41e582f2b705bc41e8b47
  languageName: node
  linkType: hard

"pg-int8@npm:1.0.1":
  version: 1.0.1
  resolution: "pg-int8@npm:1.0.1"
  checksum: 10c0/be6a02d851fc2a4ae3e9de81710d861de3ba35ac927268973eb3cb618873a05b9424656df464dd43bd7dc3fc5295c3f5b3c8349494f87c7af50ec59ef14e0b98
  languageName: node
  linkType: hard

"pg-pool@npm:^3.14.0":
  version: 3.14.0
  resolution: "pg-pool@npm:3.14.0"
  peerDependencies:
    pg: ">=8.0"
  checksum: 10c0/3dd706e67e3b317e29409d9eb3bd44e960eabd86db2a9711a9391bbd43881f8ce7a5f7054a341509558ee05e9bf0a3cc7aef037039da0790ce1e16762ade3ba6
  languageName: node
  linkType: hard

"pg-protocol@npm:*, pg-protocol@npm:^1.16.0":
  version: 1.16.0
  resolution: "pg-protocol@npm:1.16.0"
  checksum: 10c0/8ea4a8f4970aa0ca1e5bf9a482da0a41a043d7470fbaf7592736971146b09a2a4003d953c0091b72fc30bf7a7994a0b7fdf897bf50cd219787bd22806b3ffb04
  languageName: node
  linkType: hard

"pg-types@npm:2.2.0, pg-types@npm:^2.2.0":
  version: 2.2.0
  resolution: "pg-types@npm:2.2.0"
  dependencies:
    pg-int8: "npm:1.0.1"
    postgres-array: "npm:~2.0.0"
    postgres-bytea: "npm:~1.0.0"
    postgres-date: "npm:~1.0.4"
    postgres-interval: "npm:^1.1.0"
  checksum: 10c0/ab3f8069a323f601cd2d2279ca8c425447dab3f9b61d933b0601d7ffc00d6200df25e26a4290b2b0783b59278198f7dd2ed03e94c4875797919605116a577c65
  languageName: node
  linkType: hard

"pg@npm:^8.11.0":
  version: 8.23.0
  resolution: "pg@npm:8.23.0"
  dependencies:
    pg-cloudflare: "npm:^1.4.0"
    pg-connection-string: "npm:^2.14.0"
    pg-pool: "npm:^3.14.0"
    pg-protocol: "npm:^1.16.0"
    pg-types: "npm:2.2.0"
    pgpass: "npm:1.0.5"
  peerDependencies:
    pg-native: ">=3.0.1"
  dependenciesMeta:
    pg-cloudflare:
      optional: true
  peerDependenciesMeta:
    pg-native:
      optional: true
  checksum: 10c0/11ce12a71b4239588c18f078531c378d5bcdbcb9ea892e080a6e71f91aaece2b4b8fd93ee5777f94210f9258ff56161f8ed1a45050c32d295aaca037bba12ee8
  languageName: node
  linkType: hard

"pgpass@npm:1.0.5":
  version: 1.0.5
  resolution: "pgpass@npm:1.0.5"
  dependencies:
    split2: "npm:^4.1.0"
  checksum: 10c0/5ea6c9b2de04c33abb08d33a2dded303c4a3c7162a9264519cbe85c0a9857d712463140ba42fad0c7cd4b21f644dd870b45bb2e02fcbe505b4de0744fd802c1d
  languageName: node
  linkType: hard

"pino-abstract-transport@npm:^2.0.0":
  version: 2.0.0
  resolution: "pino-abstract-transport@npm:2.0.0"
  dependencies:
    split2: "npm:^4.0.0"
  checksum: 10c0/02c05b8f2ffce0d7c774c8e588f61e8b77de8ccb5f8125afd4a7325c9ea0e6af7fb78168999657712ae843e4462bb70ac550dfd6284f930ee57f17f486f25a9f
  languageName: node
  linkType: hard

"pino-abstract-transport@npm:^3.0.0":
  version: 3.0.0
  resolution: "pino-abstract-transport@npm:3.0.0"
  dependencies:
    split2: "npm:^4.0.0"
  checksum: 10c0/4486e1b9508110aaf963d07741ac98d660b974dd51d8ad42077d215118e27cda20c64da46c07c926898d52540aab7c6b9c37dc0f5355c203bb1d6a72b5bd8d6c
  languageName: node
  linkType: hard

"pino-std-serializers@npm:^7.0.0":
  version: 7.1.0
  resolution: "pino-std-serializers@npm:7.1.0"
  checksum: 10c0/d158615aa93ebdeac2d3912ad4227a23ef78cf14229e886214771f581e96eff312257f2d6368c75b2fbf53e5024eda475d81305014f4ed1a6d5eeab9107f6ef0
  languageName: node
  linkType: hard

"pino@npm:^9.0.0":
  version: 9.14.0
  resolution: "pino@npm:9.14.0"
  dependencies:
    "@pinojs/redact": "npm:^0.4.0"
    atomic-sleep: "npm:^1.0.0"
    on-exit-leak-free: "npm:^2.1.0"
    pino-abstract-transport: "npm:^2.0.0"
    pino-std-serializers: "npm:^7.0.0"
    process-warning: "npm:^5.0.0"
    quick-format-unescaped: "npm:^4.0.3"
    real-require: "npm:^0.2.0"
    safe-stable-stringify: "npm:^2.3.1"
    sonic-boom: "npm:^4.0.1"
    thread-stream: "npm:^3.0.0"
  bin:
    pino: bin.js
  checksum: 10c0/9a10d9bf820a585eae9bc270fb4e55c895e48280d54adbbb4063ec061694b22d8809c80203cf5fe9f920a54c832b0b8dfb67cb28a04baa13abebaf261a9c9f3e
  languageName: node
  linkType: hard

"pino@npm:^9.14.0 || ^10.1.0":
  version: 10.3.1
  resolution: "pino@npm:10.3.1"
  dependencies:
    "@pinojs/redact": "npm:^0.4.0"
    atomic-sleep: "npm:^1.0.0"
    on-exit-leak-free: "npm:^2.1.0"
    pino-abstract-transport: "npm:^3.0.0"
    pino-std-serializers: "npm:^7.0.0"
    process-warning: "npm:^5.0.0"
    quick-format-unescaped: "npm:^4.0.3"
    real-require: "npm:^0.2.0"
    safe-stable-stringify: "npm:^2.3.1"
    sonic-boom: "npm:^4.0.1"
    thread-stream: "npm:^4.0.0"
  bin:
    pino: bin.js
  checksum: 10c0/ae1c57f2baac85dd5d63a3500746d5ea1cfc4bfcbf356eaec94d42a782eeb80caa4d4614de43a036cf48e2aed46d855a7ff21b126f55a63811def52a894ef937
  languageName: node
  linkType: hard

"postgres-array@npm:~2.0.0":
  version: 2.0.0
  resolution: "postgres-array@npm:2.0.0"
  checksum: 10c0/cbd56207e4141d7fbf08c86f2aebf21fa7064943d3f808ec85f442ff94b48d891e7a144cc02665fb2de5dbcb9b8e3183a2ac749959e794b4a4cfd379d7a21d08
  languageName: node
  linkType: hard

"postgres-bytea@npm:~1.0.0":
  version: 1.0.1
  resolution: "postgres-bytea@npm:1.0.1"
  checksum: 10c0/10b28a27c9d703d5befd97c443e62b551096d1014bc59ab574c65bf0688de7f3f068003b2aea8dcff83cf0f6f9a35f9f74457c38856cf8eb81b00cf3fb44f164
  languageName: node
  linkType: hard

"postgres-date@npm:~1.0.4":
  version: 1.0.7
  resolution: "postgres-date@npm:1.0.7"
  checksum: 10c0/0ff91fccc64003e10b767fcfeefb5eaffbc522c93aa65d5051c49b3c4ce6cb93ab091a7d22877a90ad60b8874202c6f1d0f935f38a7235ed3b258efd54b97ca9
  languageName: node
  linkType: hard

"postgres-interval@npm:^1.1.0":
  version: 1.2.0
  resolution: "postgres-interval@npm:1.2.0"
  dependencies:
    xtend: "npm:^4.0.0"
  checksum: 10c0/c1734c3cb79e7f22579af0b268a463b1fa1d084e742a02a7a290c4f041e349456f3bee3b4ee0bb3f226828597f7b76deb615c1b857db9a742c45520100456272
  languageName: node
  linkType: hard

"postgres@npm:^3.3.5, postgres@npm:^3.4.9":
  version: 3.4.9
  resolution: "postgres@npm:3.4.9"
  checksum: 10c0/b767dd2258df0f6523ce1ec0bce0a87e93c6fb961c97be0059f8ea2bc4c57c6057689258361a0988f0bb61d636483d35f0c591620566218f7083c78ab7955862
  languageName: node
  linkType: hard

"process-warning@npm:^3.0.0":
  version: 3.0.0
  resolution: "process-warning@npm:3.0.0"
  checksum: 10c0/60f3c8ddee586f0706c1e6cb5aa9c86df05774b9330d792d7c8851cf0031afd759d665404d07037e0b4901b55c44a423f07bdc465c63de07d8d23196bb403622
  languageName: node
  linkType: hard

"process-warning@npm:^4.0.0":
  version: 4.0.1
  resolution: "process-warning@npm:4.0.1"
  checksum: 10c0/577a268b9fd5c3d9f6dbb4348220099391d830905642845d591e7ee8b1e45043d98b7b9826a3c1379bdd1686cdfe0f6cf349cb812affc5853b662e6a9896579e
  languageName: node
  linkType: hard

"process-warning@npm:^5.0.0, process-warning@npm:^5.1.0":
  version: 5.1.0
  resolution: "process-warning@npm:5.1.0"
  checksum: 10c0/2a48d48b575f4e7888fd4735a6604acd89914efa909f3db5dd20ae56e8a8cdd3c32a3c738bba539b46d1c5096630e15286bcb7c7fca18dfbf04cc7d00fe34a0f
  languageName: node
  linkType: hard

"proxy-addr@npm:^2.0.7":
  version: 2.0.7
  resolution: "proxy-addr@npm:2.0.7"
  dependencies:
    forwarded: "npm:0.2.0"
    ipaddr.js: "npm:1.9.1"
  checksum: 10c0/c3eed999781a35f7fd935f398b6d8920b6fb00bbc14287bc6de78128ccc1a02c89b95b56742bf7cf0362cc333c61d138532049c7dedc7a328ef13343eff81210
  languageName: node
  linkType: hard

"quick-format-unescaped@npm:^4.0.3":
  version: 4.0.4
  resolution: "quick-format-unescaped@npm:4.0.4"
  checksum: 10c0/fe5acc6f775b172ca5b4373df26f7e4fd347975578199e7d74b2ae4077f0af05baa27d231de1e80e8f72d88275ccc6028568a7a8c9ee5e7368ace0e18eff93a4
  languageName: node
  linkType: hard

"real-require@npm:^0.2.0":
  version: 0.2.0
  resolution: "real-require@npm:0.2.0"
  checksum: 10c0/23eea5623642f0477412ef8b91acd3969015a1501ed34992ada0e3af521d3c865bb2fe4cdbfec5fe4b505f6d1ef6a03e5c3652520837a8c3b53decff7e74b6a0
  languageName: node
  linkType: hard

"real-require@npm:^1.0.0":
  version: 1.0.0
  resolution: "real-require@npm:1.0.0"
  checksum: 10c0/74d44b360b8b662d29c646f4688da462c4b10243b11d22ff9635395e81951a9c1ed349393411c4911ca6f3474c3e10e812bf4767052706abb863ba59bde0813b
  languageName: node
  linkType: hard

"require-from-string@npm:^2.0.2":
  version: 2.0.2
  resolution: "require-from-string@npm:2.0.2"
  checksum: 10c0/aaa267e0c5b022fc5fd4eef49d8285086b15f2a1c54b28240fdf03599cbd9c26049fee3eab894f2e1f6ca65e513b030a7c264201e3f005601e80c49fb2937ce2
  languageName: node
  linkType: hard

"ret@npm:~0.4.0":
  version: 0.4.3
  resolution: "ret@npm:0.4.3"
  checksum: 10c0/93e4e81cf393ebbafa1a26816e0b22ad0e2539c10e267d46ce8754c3f385b7aa839772ee1f83fdd2487b43d1081f29af41a19160e85456311f6f1778e14ba66b
  languageName: node
  linkType: hard

"ret@npm:~0.5.0":
  version: 0.5.0
  resolution: "ret@npm:0.5.0"
  checksum: 10c0/220868b194f87bf1998e32e409086eec6b39e860c052bf267f8ad4d0131706a9773d45fd3f91acfb1a7c928fce002b694ab86fdba90bc8d4b8df68fa8645c5cc
  languageName: node
  linkType: hard

"reusify@npm:^1.0.4":
  version: 1.1.0
  resolution: "reusify@npm:1.1.0"
  checksum: 10c0/4eff0d4a5f9383566c7d7ec437b671cc51b25963bd61bf127c3f3d3f68e44a026d99b8d2f1ad344afff8d278a8fe70a8ea092650a716d22287e8bef7126bb2fa
  languageName: node
  linkType: hard

"rfdc@npm:^1.2.0, rfdc@npm:^1.3.0, rfdc@npm:^1.3.1":
  version: 1.4.1
  resolution: "rfdc@npm:1.4.1"
  checksum: 10c0/4614e4292356cafade0b6031527eea9bc90f2372a22c012313be1dcc69a3b90c7338158b414539be863fa95bfcb2ddcd0587be696841af4e6679d85e62c060c7
  languageName: node
  linkType: hard

"safe-regex2@npm:^3.1.0":
  version: 3.1.0
  resolution: "safe-regex2@npm:3.1.0"
  dependencies:
    ret: "npm:~0.4.0"
  checksum: 10c0/5e5e7f9f116ddfd324b1fdc65ad4470937eebc8883d34669ce8c5afbda64f1954e5e4c2e754ef6281e5f6762e0b8c4e20fb9eec4d47355526f8cc1f6a9764624
  languageName: node
  linkType: hard

"safe-regex2@npm:^5.0.0":
  version: 5.1.1
  resolution: "safe-regex2@npm:5.1.1"
  dependencies:
    ret: "npm:~0.5.0"
  bin:
    safe-regex2: bin/safe-regex2.js
  checksum: 10c0/65c59fb33de8e500fa1d7254cc7f9b6b8b932f925bcfc8d92273ec024c259052a2b3c975bbf5a9f9dd49cd3b0fa394fb56f36d6b10e394404056edfd1223fd17
  languageName: node
  linkType: hard

"safe-stable-stringify@npm:^2.3.1":
  version: 2.5.0
  resolution: "safe-stable-stringify@npm:2.5.0"
  checksum: 10c0/baea14971858cadd65df23894a40588ed791769db21bafb7fd7608397dbdce9c5aac60748abae9995e0fc37e15f2061980501e012cd48859740796bea2987f49
  languageName: node
  linkType: hard

"secure-json-parse@npm:^2.7.0":
  version: 2.7.0
  resolution: "secure-json-parse@npm:2.7.0"
  checksum: 10c0/f57eb6a44a38a3eeaf3548228585d769d788f59007454214fab9ed7f01fbf2e0f1929111da6db28cf0bcc1a2e89db5219a59e83eeaec3a54e413a0197ce879e4
  languageName: node
  linkType: hard

"secure-json-parse@npm:^4.0.0":
  version: 4.1.0
  resolution: "secure-json-parse@npm:4.1.0"
  checksum: 10c0/52b3f8125ea974db1333a5b63e6a1df550c36c0d5f9a263911d6732812bd02e938b30be324dcbbb9da3ef9bf5a84849e0dd911f56544003d3c09e8eee12504de
  languageName: node
  linkType: hard

"semver@npm:^7.5.4, semver@npm:^7.6.0":
  version: 7.8.5
  resolution: "semver@npm:7.8.5"
  bin:
    semver: bin/semver.js
  checksum: 10c0/b1f3127a5be8125a94f37188b361c212466c292c6910adce3ec106cff5dc211ccaedc4739c11bb70fda59d6fc1f040a9bca289f4e093451521a2372e5231fe0c
  languageName: node
  linkType: hard

"set-cookie-parser@npm:^2.4.1, set-cookie-parser@npm:^2.6.0":
  version: 2.7.2
  resolution: "set-cookie-parser@npm:2.7.2"
  checksum: 10c0/4381a9eb7ee951dfe393fe7aacf76b9a3b4e93a684d2162ab35594fa4053cc82a4d7d7582bf397718012c9adcf839b8cd8f57c6c42901ea9effe33c752da4a45
  languageName: node
  linkType: hard

"sonic-boom@npm:^4.0.1":
  version: 4.2.1
  resolution: "sonic-boom@npm:4.2.1"
  dependencies:
    atomic-sleep: "npm:^1.0.0"
  checksum: 10c0/f374e9c3dfe194d706d8ef8aed4e28bc10638f9952fd19bcbddf2cef05d53334ad9e9dca3e01e24e88dd88fb278c6b8c5b2ae5002494b289c4914aaea3d9eae9
  languageName: node
  linkType: hard

"split2@npm:^4.0.0, split2@npm:^4.1.0":
  version: 4.2.0
  resolution: "split2@npm:4.2.0"
  checksum: 10c0/b292beb8ce9215f8c642bb68be6249c5a4c7f332fc8ecadae7be5cbdf1ea95addc95f0459ef2e7ad9d45fd1064698a097e4eb211c83e772b49bc0ee423e91534
  languageName: node
  linkType: hard

"thread-stream@npm:^3.0.0":
  version: 3.2.0
  resolution: "thread-stream@npm:3.2.0"
  dependencies:
    real-require: "npm:^0.2.0"
  checksum: 10c0/417516963f338cf24c27b91e9ac1c1e06ea321333e3369685e9c48afeefc9f18cf5d6c268e24e888f85e9f467d34d35e506c180e2278e2cd9b4c402454206463
  languageName: node
  linkType: hard

"thread-stream@npm:^4.0.0":
  version: 4.2.0
  resolution: "thread-stream@npm:4.2.0"
  dependencies:
    real-require: "npm:^1.0.0"
  checksum: 10c0/2d55ace44785a2547b9b15c61c1d2db6d5b3712e21ddb1be23b1f5d19387ac8f153f24767bfae03b3f7c8651eb83758e1fcbb954e1077336b562d2d2cd723137
  languageName: node
  linkType: hard

"toad-cache@npm:^3.3.0, toad-cache@npm:^3.7.0":
  version: 3.7.4
  resolution: "toad-cache@npm:3.7.4"
  checksum: 10c0/4a33f9c1e9eea84d0fc019805fe346c8f69e9820f44745f65b77a282d60928c61ad851c258d74e77ad3d2651a28d3d9c8129d1e8c1647902042220f54e7dd026
  languageName: node
  linkType: hard

"ui@workspace:packages/ui":
  version: 0.0.0-use.local
  resolution: "ui@workspace:packages/ui"
  languageName: unknown
  linkType: soft

"undici-types@npm:~8.3.0":
  version: 8.3.0
  resolution: "undici-types@npm:8.3.0"
  checksum: 10c0/c8aa7e2fbebfce519654dafadc0ece59be888d2ccaf180fb4495da875e7b536d2456345c384069c7e6f3e9c9ab7435f074957da306f142343eee86ff8048855a
  languageName: node
  linkType: hard

"utils@workspace:packages/utils":
  version: 0.0.0-use.local
  resolution: "utils@workspace:packages/utils"
  languageName: unknown
  linkType: soft

"web@workspace:apps/web":
  version: 0.0.0-use.local
  resolution: "web@workspace:apps/web"
  languageName: unknown
  linkType: soft

"xtend@npm:^4.0.0":
  version: 4.0.2
  resolution: "xtend@npm:4.0.2"
  checksum: 10c0/366ae4783eec6100f8a02dff02ac907bf29f9a00b82ac0264b4d8b832ead18306797e283cf19de776538babfdcb2101375ec5646b59f08c52128ac4ab812ed0e
  languageName: node
  linkType: hard
